
Microsoft Visual Studio Solution File, Format Version 12.00
# Visual Studio Version 16
VisualStudioVersion = 16.0.33920.266
MinimumVisualStudioVersion = 10.0.40219.1
Project("{9A19103F-16F7-4668-BE54-9A1E7A4F7556}") = "TradingEngineServer", "TradingEngineServer.csproj", "{A6C7F9A8-B889-462C-BD64-C70DCD18665C}"
EndProject
Project("{9A19103F-16F7-4668-BE54-9A1E7A4F7556}") = "LoggingCS", "..\Trading Project\LoggingCS\LoggingCS\LoggingCS.csproj", "{0095854F-B136-429B-A0AF-4F3D64B6FC71}"
EndProject
Project("{9A19103F-16F7-4668-BE54-9A1E7A4F7556}") = "InstrumentCS", "..\InstrumentCS\InstrumentCS.csproj", "{AE098542-7F42-4C9A-A18B-ADABAE13FB4C}"
EndProject
Project("{9A19103F-16F7-4668-BE54-9A1E7A4F7556}") = "OrdersCS", "..\OrdersCS\OrdersCS.csproj", "{64E34B60-B3EE-466E-989F-D37BCDC34557}"
EndProject
Project("{FAE04EC0-301F-11D3-BF4B-00C04F79EFBC}") = "OrderbookCS", "..\OrderbookCS\OrderbookCS.csproj", "{992D66FE-B2C3-4445-8FE8-CDB060288401}"
EndProject
Global
	GlobalSection(SolutionConfigurationPlatforms) = preSolution
		Debug|Any CPU = Debug|Any CPU
		Release|Any CPU = Release|Any CPU
	EndGlobalSection
	GlobalSection(ProjectConfigurationPlatforms) = postSolution
		{A6C7F9A8-B889-462C-BD64-C70DCD18665C}.Debug|Any CPU.ActiveCfg = Debug|Any CPU
		{A6C7F9A8-B889-462C-BD64-C70DCD18665C}.Debug|Any CPU.Build.0 = Debug|Any CPU
		{A6C7F9A8-B889-462C-BD64-C70DCD18665C}.Release|Any CPU.ActiveCfg = Release|Any CPU
		{A6C7F9A8-B889-462C-BD64-C70DCD18665C}.Release|Any CPU.Build.0 = Release|Any CPU
		{0095854F-B136-429B-A0AF-4F3D64B6FC71}.Debug|Any CPU.ActiveCfg = Debug|Any CPU
		{0095854F-B136-429B-A0AF-4F3D64B6FC71}.Debug|Any CPU.Build.0 = Debug|Any CPU
		{0095854F-B136-429B-A0AF-4F3D64B6FC71}.Release|Any CPU.ActiveCfg = Release|Any CPU
		{0095854F-B136-429B-A0AF-4F3D64B6FC71}.Release|Any CPU.Build.0 = Release|Any CPU
		{AE098542-7F42-4C9A-A18B-ADABAE13FB4C}.Debug|Any CPU.ActiveCfg = Debug|Any CPU
		{AE098542-7F42-4C9A-A18B-ADABAE13FB4C}.Debug|Any CPU.Build.0 = Debug|Any CPU
		{AE098542-7F42-4C9A-A18B-ADABAE13FB4C}.Release|Any CPU.ActiveCfg = Release|Any CPU
		{AE098542-7F42-4C9A-A18B-ADABAE13FB4C}.Release|Any CPU.Build.0 = Release|Any CPU
		{64E34B60-B3EE-466E-989F-D37BCDC34557}.Debug|Any CPU.ActiveCfg = Debug|Any CPU
		{64E34B60-B3EE-466E-989F-D37BCDC34557}.Debug|Any CPU.Build.0 = Debug|Any CPU
		{64E34B60-B3EE-466E-989F-D37BCDC34557}.Release|Any CPU.ActiveCfg = Release|Any CPU
		{64E34B60-B3EE-466E-989F-D37BCDC34557}.Release|Any CPU.Build.0 = Release|Any CPU
		{992D66FE-B2C3-4445-8FE8-CDB060288401}.Debug|Any CPU.ActiveCfg = Debug|Any CPU
		{992D66FE-B2C3-4445-8FE8-CDB060288401}.Debug|Any CPU.Build.0 = Debug|Any CPU
		{992D66FE-B2C3-4445-8FE8-CDB060288401}.Release|Any CPU.ActiveCfg = Release|Any CPU
		{992D66FE-B2C3-4445-8FE8-CDB060288401}.Release|Any CPU.Build.0 = Release|Any CPU
	EndGlobalSection
	GlobalSection(SolutionProperties) = preSolution
		HideSolutionNode = FALSE
	EndGlobalSection
	GlobalSection(ExtensibilityGlobals) = postSolution
		SolutionGuid = {A868FC34-791C-4205-B6FC-332CBA0453C9}
	EndGlobalSection
EndGlobal
